// !$*UTF8*$!
{
	archiveVersion = 1;
	classes = {
	};
	objectVersion = 56;
	objects = {

/* Begin PBXBuildFile section */
		AA000001000000000000001A /* FretTrainerEZApp.swift in Sources */ = {isa = PBXBuildFile; fileRef = AA000001000000000000001B /* FretTrainerEZApp.swift */; };
		AA000002000000000000002A /* ContentView.swift in Sources */ = {isa = PBXBuildFile; fileRef = AA000002000000000000002B /* ContentView.swift */; };
		AA000003000000000000003A /* Note.swift in Sources */ = {isa = PBXBuildFile; fileRef = AA000003000000000000003B /* Note.swift */; };
		AA000004000000000000004A /* GuitarTuning.swift in Sources */ = {isa = PBXBuildFile; fileRef = AA000004000000000000004B /* GuitarTuning.swift */; };
		AA000005000000000000005A /* Fretboard.swift in Sources */ = {isa = PBXBuildFile; fileRef = AA000005000000000000005B /* Fretboard.swift */; };
		AA000006000000000000006A /* FretboardView.swift in Sources */ = {isa = PBXBuildFile; fileRef = AA000006000000000000006B /* FretboardView.swift */; };
		AA000007000000000000007A /* NoteAnswerButtonsView.swift in Sources */ = {isa = PBXBuildFile; fileRef = AA000007000000000000007B /* NoteAnswerButtonsView.swift */; };
		AA000008000000000000008A /* GameState.swift in Sources */ = {isa = PBXBuildFile; fileRef = AA000008000000000000008B /* GameState.swift */; };
		AA000009000000000000009A /* FretTrainerEZTests.swift in Sources */ = {isa = PBXBuildFile; fileRef = AA000009000000000000009B /* FretTrainerEZTests.swift */; };
		BB000001000000000000001A /* ChordLibrary.swift in Sources */ = {isa = PBXBuildFile; fileRef = BB000001000000000000001B /* ChordLibrary.swift */; };
		BB000002000000000000002A /* MusicTheory.swift in Sources */ = {isa = PBXBuildFile; fileRef = BB000002000000000000002B /* MusicTheory.swift */; };
		BB000003000000000000003A /* DrawerMenuView.swift in Sources */ = {isa = PBXBuildFile; fileRef = BB000003000000000000003B /* DrawerMenuView.swift */; };
		BB000004000000000000004A /* CircleOfFifthsView.swift in Sources */ = {isa = PBXBuildFile; fileRef = BB000004000000000000004B /* CircleOfFifthsView.swift */; };
		BB000005000000000000005A /* ChordChartsView.swift in Sources */ = {isa = PBXBuildFile; fileRef = BB000005000000000000005B /* ChordChartsView.swift */; };
		BB000006000000000000006A /* ChromaticTunerView.swift in Sources */ = {isa = PBXBuildFile; fileRef = BB000006000000000000006B /* ChromaticTunerView.swift */; };
		CC000001000000000000001A /* ScaleLibrary.swift in Sources */ = {isa = PBXBuildFile; fileRef = CC000001000000000000001B /* ScaleLibrary.swift */; };
		CC000002000000000000002A /* ScalesView.swift in Sources */ = {isa = PBXBuildFile; fileRef = CC000002000000000000002B /* ScalesView.swift */; };
		DD000001000000000000001A /* FretboardStyle.swift in Sources */ = {isa = PBXBuildFile; fileRef = DD000001000000000000001B /* FretboardStyle.swift */; };
		DD000002000000000000002A /* FretboardStyleView.swift in Sources */ = {isa = PBXBuildFile; fileRef = DD000002000000000000002B /* FretboardStyleView.swift */; };
		EE000001000000000000001A /* SettingsView.swift in Sources */ = {isa = PBXBuildFile; fileRef = EE000001000000000000001B /* SettingsView.swift */; };
		FF000001000000000000001A /* NoteAudioEngine.swift in Sources */ = {isa = PBXBuildFile; fileRef = FF000001000000000000001B /* NoteAudioEngine.swift */; };
		GG000001000000000000001A /* Assets.xcassets in Resources */ = {isa = PBXBuildFile; fileRef = GG000001000000000000001B /* Assets.xcassets */; };
/* End PBXBuildFile section */

/* Begin PBXContainerItemProxy section */
		AA00001F000000000000FF10 /* PBXContainerItemProxy */ = {
			isa = PBXContainerItemProxy;
			containerPortal = AA00001D000000000000FF10 /* Project object */;
			proxyType = 1;
			remoteGlobalIDString = AA000013000000000000FF10;
			remoteInfo = FretTrainerEZ;
		};
/* End PBXContainerItemProxy section */

/* Begin PBXFileReference section */
		AA000001000000000000001B /* FretTrainerEZApp.swift */ = {isa = PBXFileReference; lastKnownFileType = sourcecode.swift; path = FretTrainerEZApp.swift; sourceTree = "<group>"; };
		AA000002000000000000002B /* ContentView.swift */ = {isa = PBXFileReference; lastKnownFileType = sourcecode.swift; path = ContentView.swift; sourceTree = "<group>"; };
		AA000003000000000000003B /* Note.swift */ = {isa = PBXFileReference; lastKnownFileType = sourcecode.swift; path = Note.swift; sourceTree = "<group>"; };
		AA000004000000000000004B /* GuitarTuning.swift */ = {isa = PBXFileReference; lastKnownFileType = sourcecode.swift; path = GuitarTuning.swift; sourceTree = "<group>"; };
		AA000005000000000000005B /* Fretboard.swift */ = {isa = PBXFileReference; lastKnownFileType = sourcecode.swift; path = Fretboard.swift; sourceTree = "<group>"; };
		AA000006000000000000006B /* FretboardView.swift */ = {isa = PBXFileReference; lastKnownFileType = sourcecode.swift; path = FretboardView.swift; sourceTree = "<group>"; };
		AA000007000000000000007B /* NoteAnswerButtonsView.swift */ = {isa = PBXFileReference; lastKnownFileType = sourcecode.swift; path = NoteAnswerButtonsView.swift; sourceTree = "<group>"; };
		AA000008000000000000008B /* GameState.swift */ = {isa = PBXFileReference; lastKnownFileType = sourcecode.swift; path = GameState.swift; sourceTree = "<group>"; };
		AA000009000000000000009B /* FretTrainerEZTests.swift */ = {isa = PBXFileReference; lastKnownFileType = sourcecode.swift; path = FretTrainerEZTests.swift; sourceTree = "<group>"; };
		AA00000A0000000000000010 /* FretTrainerEZ.app */ = {isa = PBXFileReference; explicitFileType = wrapper.application; includeInIndex = 0; path = FretTrainerEZ.app; sourceTree = BUILT_PRODUCTS_DIR; };
		AA00000B0000000000000010 /* FretTrainerEZTests.xctest */ = {isa = PBXFileReference; explicitFileType = wrapper.cfbundle; includeInIndex = 0; path = FretTrainerEZTests.xctest; sourceTree = BUILT_PRODUCTS_DIR; };
		BB000001000000000000001B /* ChordLibrary.swift */ = {isa = PBXFileReference; lastKnownFileType = sourcecode.swift; path = ChordLibrary.swift; sourceTree = "<group>"; };
		BB000002000000000000002B /* MusicTheory.swift */ = {isa = PBXFileReference; lastKnownFileType = sourcecode.swift; path = MusicTheory.swift; sourceTree = "<group>"; };
		BB000003000000000000003B /* DrawerMenuView.swift */ = {isa = PBXFileReference; lastKnownFileType = sourcecode.swift; path = DrawerMenuView.swift; sourceTree = "<group>"; };
		BB000004000000000000004B /* CircleOfFifthsView.swift */ = {isa = PBXFileReference; lastKnownFileType = sourcecode.swift; path = CircleOfFifthsView.swift; sourceTree = "<group>"; };
		BB000005000000000000005B /* ChordChartsView.swift */ = {isa = PBXFileReference; lastKnownFileType = sourcecode.swift; path = ChordChartsView.swift; sourceTree = "<group>"; };
		BB000006000000000000006B /* ChromaticTunerView.swift */ = {isa = PBXFileReference; lastKnownFileType = sourcecode.swift; path = ChromaticTunerView.swift; sourceTree = "<group>"; };
		CC000001000000000000001B /* ScaleLibrary.swift */ = {isa = PBXFileReference; lastKnownFileType = sourcecode.swift; path = ScaleLibrary.swift; sourceTree = "<group>"; };
		CC000002000000000000002B /* ScalesView.swift */ = {isa = PBXFileReference; lastKnownFileType = sourcecode.swift; path = ScalesView.swift; sourceTree = "<group>"; };
		DD000001000000000000001B /* FretboardStyle.swift */ = {isa = PBXFileReference; lastKnownFileType = sourcecode.swift; path = FretboardStyle.swift; sourceTree = "<group>"; };
		DD000002000000000000002B /* FretboardStyleView.swift */ = {isa = PBXFileReference; lastKnownFileType = sourcecode.swift; path = FretboardStyleView.swift; sourceTree = "<group>"; };
		EE000001000000000000001B /* SettingsView.swift */ = {isa = PBXFileReference; lastKnownFileType = sourcecode.swift; path = SettingsView.swift; sourceTree = "<group>"; };
		FF000001000000000000001B /* NoteAudioEngine.swift */ = {isa = PBXFileReference; lastKnownFileType = sourcecode.swift; path = NoteAudioEngine.swift; sourceTree = "<group>"; };
		GG000001000000000000001B /* Assets.xcassets */ = {isa = PBXFileReference; lastKnownFileType = folder.assetcatalog; path = Assets.xcassets; sourceTree = "<group>"; };
/* End PBXFileReference section */

/* Begin PBXFrameworksBuildPhase section */
		AA000016000000000000FF10 /* Frameworks */ = {
			isa = PBXFrameworksBuildPhase;
			buildActionMask = 2147483647;
			files = (
			);
			runOnlyForDeploymentPostprocessing = 0;
		};
		AA00001B000000000000FF10 /* Frameworks */ = {
			isa = PBXFrameworksBuildPhase;
			buildActionMask = 2147483647;
			files = (
			);
			runOnlyForDeploymentPostprocessing = 0;
		};
/* End PBXFrameworksBuildPhase section */

/* Begin PBXGroup section */
		AA00000C0000000000000010 /* FretTrainerEZ */ = {
			isa = PBXGroup;
			children = (
				AA000001000000000000001B /* FretTrainerEZApp.swift */,
				AA000002000000000000002B /* ContentView.swift */,
				FF000001000000000000001B /* NoteAudioEngine.swift */,
				GG000001000000000000001B /* Assets.xcassets */,
				AA00000D0000000000000010 /* Models */,
				AA00000E0000000000000010 /* Views */,
				AA00000F0000000000000010 /* Game */,
			);
			path = FretTrainerEZ;
			sourceTree = "<group>";
		};
		AA00000D0000000000000010 /* Models */ = {
			isa = PBXGroup;
			children = (
				AA000003000000000000003B /* Note.swift */,
				AA000004000000000000004B /* GuitarTuning.swift */,
				AA000005000000000000005B /* Fretboard.swift */,
				BB000001000000000000001B /* ChordLibrary.swift */,
				BB000002000000000000002B /* MusicTheory.swift */,
				CC000001000000000000001B /* ScaleLibrary.swift */,
				DD000001000000000000001B /* FretboardStyle.swift */,
			);
			path = Models;
			sourceTree = "<group>";
		};
		AA00000E0000000000000010 /* Views */ = {
			isa = PBXGroup;
			children = (
				AA000006000000000000006B /* FretboardView.swift */,
				AA000007000000000000007B /* NoteAnswerButtonsView.swift */,
				BB000003000000000000003B /* DrawerMenuView.swift */,
				BB000004000000000000004B /* CircleOfFifthsView.swift */,
				BB000005000000000000005B /* ChordChartsView.swift */,
				BB000006000000000000006B /* ChromaticTunerView.swift */,
				CC000002000000000000002B /* ScalesView.swift */,
				DD000002000000000000002B /* FretboardStyleView.swift */,
				EE000001000000000000001B /* SettingsView.swift */,
			);
			path = Views;
			sourceTree = "<group>";
		};
		AA00000F0000000000000010 /* Game */ = {
			isa = PBXGroup;
			children = (
				AA000008000000000000008B /* GameState.swift */,
			);
			path = Game;
			sourceTree = "<group>";
		};
		AA000010000000000000FF10 /* FretTrainerEZTests */ = {
			isa = PBXGroup;
			children = (
				AA000009000000000000009B /* FretTrainerEZTests.swift */,
			);
			path = FretTrainerEZTests;
			sourceTree = "<group>";
		};
		AA000011000000000000FF10 /* Products */ = {
			isa = PBXGroup;
			children = (
				AA00000A0000000000000010 /* FretTrainerEZ.app */,
				AA00000B0000000000000010 /* FretTrainerEZTests.xctest */,
			);
			name = Products;
			sourceTree = "<group>";
		};
		AA000012000000000000FF10 = {
			isa = PBXGroup;
			children = (
				AA00000C0000000000000010 /* FretTrainerEZ */,
				AA000010000000000000FF10 /* FretTrainerEZTests */,
				AA000011000000000000FF10 /* Products */,
			);
			sourceTree = "<group>";
		};
/* End PBXGroup section */

/* Begin PBXNativeTarget section */
		AA000013000000000000FF10 /* FretTrainerEZ */ = {
			isa = PBXNativeTarget;
			buildConfigurationList = AA000014000000000000FF10 /* Build configuration list for PBXNativeTarget "FretTrainerEZ" */;
			buildPhases = (
				AA000015000000000000FF10 /* Sources */,
				AA000016000000000000FF10 /* Frameworks */,
				AA000017000000000000FF10 /* Resources */,
			);
			buildRules = (
			);
			dependencies = (
			);
			name = FretTrainerEZ;
			productName = FretTrainerEZ;
			productReference = AA00000A0000000000000010 /* FretTrainerEZ.app */;
			productType = "com.apple.product-type.application";
		};
		AA000018000000000000FF10 /* FretTrainerEZTests */ = {
			isa = PBXNativeTarget;
			buildConfigurationList = AA000019000000000000FF10 /* Build configuration list for PBXNativeTarget "FretTrainerEZTests" */;
			buildPhases = (
				AA00001A000000000000FF10 /* Sources */,
				AA00001B000000000000FF10 /* Frameworks */,
			);
			buildRules = (
			);
			dependencies = (
				AA00001C000000000000FF10 /* PBXTargetDependency */,
			);
			name = FretTrainerEZTests;
			productName = FretTrainerEZTests;
			productReference = AA00000B0000000000000010 /* FretTrainerEZTests.xctest */;
			productType = "com.apple.product-type.bundle.unit-test";
		};
/* End PBXNativeTarget section */

/* Begin PBXProject section */
		AA00001D000000000000FF10 /* Project object */ = {
			isa = PBXProject;
			attributes = {
				BuildIndependentTargetsInParallel = 1;
				LastSwiftUpdateCheck = 1500;
				LastUpgradeCheck = 1500;
				TargetAttributes = {
					AA000013000000000000FF10 = {
						CreatedOnToolsVersion = 15.0;
					};
					AA000018000000000000FF10 = {
						CreatedOnToolsVersion = 15.0;
						TestTargetID = AA000013000000000000FF10;
					};
				};
			};
			buildConfigurationList = AA00001E000000000000FF10 /* Build configuration list for PBXProject "FretTrainerEZ" */;
			compatibilityVersion = "Xcode 14.0";
			developmentRegion = en;
			hasScannedForEncodings = 0;
			knownRegions = (
				en,
				Base,
			);
			mainGroup = AA000012000000000000FF10;
			productRefGroup = AA000011000000000000FF10 /* Products */;
			projectDirPath = "";
			projectRoot = "";
			targets = (
				AA000013000000000000FF10 /* FretTrainerEZ */,
				AA000018000000000000FF10 /* FretTrainerEZTests */,
			);
		};
/* End PBXProject section */

/* Begin PBXResourcesBuildPhase section */
		AA000017000000000000FF10 /* Resources */ = {
			isa = PBXResourcesBuildPhase;
			buildActionMask = 2147483647;
			files = (
				GG000001000000000000001A /* Assets.xcassets in Resources */,
			);
			runOnlyForDeploymentPostprocessing = 0;
		};
/* End PBXResourcesBuildPhase section */

/* Begin PBXSourcesBuildPhase section */
		AA000015000000000000FF10 /* Sources */ = {
			isa = PBXSourcesBuildPhase;
			buildActionMask = 2147483647;
			files = (
				AA000001000000000000001A /* FretTrainerEZApp.swift in Sources */,
				AA000002000000000000002A /* ContentView.swift in Sources */,
				AA000003000000000000003A /* Note.swift in Sources */,
				AA000004000000000000004A /* GuitarTuning.swift in Sources */,
				AA000005000000000000005A /* Fretboard.swift in Sources */,
				AA000006000000000000006A /* FretboardView.swift in Sources */,
				AA000007000000000000007A /* NoteAnswerButtonsView.swift in Sources */,
				AA000008000000000000008A /* GameState.swift in Sources */,
				BB000001000000000000001A /* ChordLibrary.swift in Sources */,
				BB000002000000000000002A /* MusicTheory.swift in Sources */,
				BB000003000000000000003A /* DrawerMenuView.swift in Sources */,
				BB000004000000000000004A /* CircleOfFifthsView.swift in Sources */,
				BB000005000000000000005A /* ChordChartsView.swift in Sources */,
				BB000006000000000000006A /* ChromaticTunerView.swift in Sources */,
				CC000001000000000000001A /* ScaleLibrary.swift in Sources */,
				CC000002000000000000002A /* ScalesView.swift in Sources */,
				DD000001000000000000001A /* FretboardStyle.swift in Sources */,
				DD000002000000000000002A /* FretboardStyleView.swift in Sources */,
				EE000001000000000000001A /* SettingsView.swift in Sources */,
				FF000001000000000000001A /* NoteAudioEngine.swift in Sources */,
			);
			runOnlyForDeploymentPostprocessing = 0;
		};
		AA00001A000000000000FF10 /* Sources */ = {
			isa = PBXSourcesBuildPhase;
			buildActionMask = 2147483647;
			files = (
				AA000009000000000000009A /* FretTrainerEZTests.swift in Sources */,
			);
			runOnlyForDeploymentPostprocessing = 0;
		};
/* End PBXSourcesBuildPhase section */

/* Begin PBXTargetDependency section */
		AA00001C000000000000FF10 /* PBXTargetDependency */ = {
			isa = PBXTargetDependency;
			target = AA000013000000000000FF10 /* FretTrainerEZ */;
			targetProxy = AA00001F000000000000FF10 /* PBXContainerItemProxy */;
		};
/* End PBXTargetDependency section */

/* Begin XCBuildConfiguration section */
		AA000020000000000000FF10 /* Debug */ = {
			isa = XCBuildConfiguration;
			buildSettings = {
				ALWAYS_SEARCH_USER_PATHS = NO;
				ASSETCATALOG_COMPILER_GENERATE_SWIFT_ASSET_SYMBOL_EXTENSIONS = YES;
				CLANG_ANALYZER_NONNULL = YES;
				CLANG_ANALYZER_NUMBER_OBJECT_CONVERSION = YES_AGGRESSIVE;
				CLANG_CXX_LANGUAGE_STANDARD = "gnu++20";
				CLANG_ENABLE_MODULES = YES;
				CLANG_ENABLE_OBJC_ARC = YES;
				CLANG_ENABLE_OBJC_WEAK = YES;
				CLANG_WARN_BLOCK_CAPTURE_AUTORELEASING = YES;
				CLANG_WARN_BOOL_CONVERSION = YES;
				CLANG_WARN_COMMA = YES;
				CLANG_WARN_CONSTANT_CONVERSION = YES;
				CLANG_WARN_DEPRECATED_OBJC_IMPLEMENTATIONS = YES;
				CLANG_WARN_DIRECT_OBJC_ISA_USAGE = YES_ERROR;
				CLANG_WARN_DOCUMENTATION_COMMENTS = YES;
				CLANG_WARN_EMPTY_BODY = YES;
				CLANG_WARN_ENUM_CONVERSION = YES;
				CLANG_WARN_INFINITE_RECURSION = YES;
				CLANG_WARN_INT_CONVERSION = YES;
				CLANG_WARN_NON_LITERAL_NULL_CONVERSION = YES;
				CLANG_WARN_OBJC_IMPLICIT_RETAIN_SELF = YES;
				CLANG_WARN_OBJC_LITERAL_CONVERSION = YES;
				CLANG_WARN_OBJC_ROOT_CLASS = YES_ERROR;
				CLANG_WARN_QUOTED_INCLUDE_IN_FRAMEWORK_HEADER = YES;
				CLANG_WARN_RANGE_LOOP_ANALYSIS = YES;
				CLANG_WARN_STRICT_PROTOTYPES = YES;
				CLANG_WARN_SUSPICIOUS_MOVE = YES;
				CLANG_WARN_UNGUARDED_AVAILABILITY = YES_AGGRESSIVE;
				CLANG_WARN_UNREACHABLE_CODE = YES;
				CLANG_WARN__DUPLICATE_METHOD_MATCH = YES;
				COPY_PHASE_STRIP = NO;
				DEBUG_INFORMATION_FORMAT = dwarf;
				ENABLE_STRICT_OBJC_MSGSEND = YES;
				ENABLE_TESTABILITY = YES;
				ENABLE_USER_SCRIPT_SANDBOXING = YES;
				GCC_C_LANGUAGE_STANDARD = gnu17;
				GCC_DYNAMIC_NO_PIC = NO;
				GCC_NO_COMMON_BLOCKS = YES;
				GCC_OPTIMIZATION_LEVEL = 0;
				GCC_PREPROCESSOR_DEFINITIONS = (
					"DEBUG=1",
					"$(inherited)",
				);
				GCC_WARN_64_TO_32_BIT_CONVERSION = YES;
				GCC_WARN_ABOUT_RETURN_TYPE = YES_ERROR;
				GCC_WARN_UNDECLARED_SELECTOR = YES;
				GCC_WARN_UNINITIALIZED_AUTOS = YES_AGGRESSIVE;
				GCC_WARN_UNUSED_FUNCTION = YES;
				GCC_WARN_UNUSED_VARIABLE = YES;
				IPHONEOS_DEPLOYMENT_TARGET = 17.0;
				MTL_ENABLE_DEBUG_INFO = INCLUDE_SOURCE;
				MTL_FAST_MATH = YES;
				ONLY_ACTIVE_ARCH = YES;
				SDKROOT = iphoneos;
				SWIFT_ACTIVE_COMPILATION_CONDITIONS = "DEBUG $(inherited)";
				SWIFT_OPTIMIZATION_LEVEL = "-Onone";
				SWIFT_VERSION = 5.9;
			};
			name = Debug;
		};
		AA000021000000000000FF10 /* Release */ = {
			isa = XCBuildConfiguration;
			buildSettings = {
				ALWAYS_SEARCH_USER_PATHS = NO;
				ASSETCATALOG_COMPILER_GENERATE_SWIFT_ASSET_SYMBOL_EXTENSIONS = YES;
				CLANG_ANALYZER_NONNULL = YES;
				CLANG_ANALYZER_NUMBER_OBJECT_CONVERSION = YES_AGGRESSIVE;
				CLANG_CXX_LANGUAGE_STANDARD = "gnu++20";
				CLANG_ENABLE_MODULES = YES;
				CLANG_ENABLE_OBJC_ARC = YES;
				CLANG_ENABLE_OBJC_WEAK = YES;
				CLANG_WARN_BLOCK_CAPTURE_AUTORELEASING = YES;
				CLANG_WARN_BOOL_CONVERSION = YES;
				CLANG_WARN_COMMA = YES;
				CLANG_WARN_CONSTANT_CONVERSION = YES;
				CLANG_WARN_DEPRECATED_OBJC_IMPLEMENTATIONS = YES;
				CLANG_WARN_DIRECT_OBJC_ISA_USAGE = YES_ERROR;
				CLANG_WARN_DOCUMENTATION_COMMENTS = YES;
				CLANG_WARN_EMPTY_BODY = YES;
				CLANG_WARN_ENUM_CONVERSION = YES;
				CLANG_WARN_INFINITE_RECURSION = YES;
				CLANG_WARN_INT_CONVERSION = YES;
				CLANG_WARN_NON_LITERAL_NULL_CONVERSION = YES;
				CLANG_WARN_OBJC_IMPLICIT_RETAIN_SELF = YES;
				CLANG_WARN_OBJC_LITERAL_CONVERSION = YES;
				CLANG_WARN_OBJC_ROOT_CLASS = YES_ERROR;
				CLANG_WARN_QUOTED_INCLUDE_IN_FRAMEWORK_HEADER = YES;
				CLANG_WARN_RANGE_LOOP_ANALYSIS = YES;
				CLANG_WARN_STRICT_PROTOTYPES = YES;
				CLANG_WARN_SUSPICIOUS_MOVE = YES;
				CLANG_WARN_UNGUARDED_AVAILABILITY = YES_AGGRESSIVE;
				CLANG_WARN_UNREACHABLE_CODE = YES;
				CLANG_WARN__DUPLICATE_METHOD_MATCH = YES;
				COPY_PHASE_STRIP = NO;
				DEBUG_INFORMATION_FORMAT = "dwarf-with-dsym";
				ENABLE_NS_ASSERTIONS = NO;
				ENABLE_STRICT_OBJC_MSGSEND = YES;
				ENABLE_USER_SCRIPT_SANDBOXING = YES;
				GCC_C_LANGUAGE_STANDARD = gnu17;
				GCC_NO_COMMON_BLOCKS = YES;
				GCC_WARN_64_TO_32_BIT_CONVERSION = YES;
				GCC_WARN_ABOUT_RETURN_TYPE = YES_ERROR;
				GCC_WARN_UNDECLARED_SELECTOR = YES;
				GCC_WARN_UNINITIALIZED_AUTOS = YES_AGGRESSIVE;
				GCC_WARN_UNUSED_FUNCTION = YES;
				GCC_WARN_UNUSED_VARIABLE = YES;
				IPHONEOS_DEPLOYMENT_TARGET = 17.0;
				MTL_FAST_MATH = YES;
				SDKROOT = iphoneos;
				SWIFT_COMPILATION_MODE = wholemodule;
				SWIFT_OPTIMIZATION_LEVEL = "-O";
				SWIFT_VERSION = 5.9;
				VALIDATE_PRODUCT = YES;
			};
			name = Release;
		};
		AA000022000000000000FF10 /* Debug */ = {
			isa = XCBuildConfiguration;
			buildSettings = {
				ASSETCATALOG_COMPILER_APPICON_NAME = AppIcon;
				ASSETCATALOG_COMPILER_GLOBAL_ACCENT_COLOR_NAME = AccentColor;
				CODE_SIGN_STYLE = Automatic;
				CURRENT_PROJECT_VERSION = 1;
				DEVELOPMENT_ASSET_PATHS = "";
				DEVELOPMENT_TEAM = XCT9NV6F8L;
				ENABLE_PREVIEWS = YES;
				GENERATE_INFOPLIST_FILE = YES;
				INFOPLIST_KEY_CFBundleDisplayName = FretTrainerEZ;
				INFOPLIST_KEY_LSApplicationCategoryType = "public.app-category.education";
				INFOPLIST_KEY_NSMicrophoneUsageDescription = "The tuner listens to your guitar to detect pitch.";
				INFOPLIST_KEY_UIApplicationSceneManifest_Generation = YES;
				INFOPLIST_KEY_UIApplicationSupportsIndirectInputEvents = YES;
				INFOPLIST_KEY_UILaunchScreen_Generation = YES;
				INFOPLIST_KEY_UISupportedInterfaceOrientations_iPhone = "UIInterfaceOrientationPortrait UIInterfaceOrientationLandscapeLeft UIInterfaceOrientationLandscapeRight";
				IPHONEOS_DEPLOYMENT_TARGET = 17.0;
				LD_RUNPATH_SEARCH_PATHS = (
					"$(inherited)",
					"@executable_path/Frameworks",
				);
				MARKETING_VERSION = 1.0;
				PRODUCT_BUNDLE_IDENTIFIER = com.dontfretaboutitai.frettrainerez;
				PRODUCT_NAME = "$(TARGET_NAME)";
				SUPPORTED_PLATFORMS = "iphoneos iphonesimulator";
				SUPPORTS_MACCATALYST = NO;
				SUPPORTS_MAC_DESIGNED_FOR_IPHONE_IPAD = NO;
				SUPPORTS_XR_DESIGNED_FOR_IPHONE_IPAD = NO;
				SWIFT_EMIT_LOC_STRINGS = YES;
				SWIFT_VERSION = 5.9;
				TARGETED_DEVICE_FAMILY = "1,2";
			};
			name = Debug;
		};
		AA000023000000000000FF10 /* Release */ = {
			isa = XCBuildConfiguration;
			buildSettings = {
				ASSETCATALOG_COMPILER_APPICON_NAME = AppIcon;
				ASSETCATALOG_COMPILER_GLOBAL_ACCENT_COLOR_NAME = AccentColor;
				CODE_SIGN_STYLE = Automatic;
				CURRENT_PROJECT_VERSION = 1;
				DEVELOPMENT_ASSET_PATHS = "";
				DEVELOPMENT_TEAM = XCT9NV6F8L;
				ENABLE_PREVIEWS = YES;
				GENERATE_INFOPLIST_FILE = YES;
				INFOPLIST_KEY_CFBundleDisplayName = FretTrainerEZ;
				INFOPLIST_KEY_LSApplicationCategoryType = "public.app-category.education";
				INFOPLIST_KEY_NSMicrophoneUsageDescription = "The tuner listens to your guitar to detect pitch.";
				INFOPLIST_KEY_UIApplicationSceneManifest_Generation = YES;
				INFOPLIST_KEY_UIApplicationSupportsIndirectInputEvents = YES;
				INFOPLIST_KEY_UILaunchScreen_Generation = YES;
				INFOPLIST_KEY_UISupportedInterfaceOrientations_iPhone = "UIInterfaceOrientationPortrait UIInterfaceOrientationLandscapeLeft UIInterfaceOrientationLandscapeRight";
				IPHONEOS_DEPLOYMENT_TARGET = 17.0;
				LD_RUNPATH_SEARCH_PATHS = (
					"$(inherited)",
					"@executable_path/Frameworks",
				);
				MARKETING_VERSION = 1.0;
				PRODUCT_BUNDLE_IDENTIFIER = com.dontfretaboutitai.frettrainerez;
				PRODUCT_NAME = "$(TARGET_NAME)";
				SUPPORTED_PLATFORMS = "iphoneos iphonesimulator";
				SUPPORTS_MACCATALYST = NO;
				SUPPORTS_MAC_DESIGNED_FOR_IPHONE_IPAD = NO;
				SUPPORTS_XR_DESIGNED_FOR_IPHONE_IPAD = NO;
				SWIFT_EMIT_LOC_STRINGS = YES;
				SWIFT_VERSION = 5.9;
				TARGETED_DEVICE_FAMILY = "1,2";
			};
			name = Release;
		};
		AA000024000000000000FF10 /* Debug */ = {
			isa = XCBuildConfiguration;
			buildSettings = {
				BUNDLE_LOADER = "$(TEST_HOST)";
				CODE_SIGN_STYLE = Automatic;
				CURRENT_PROJECT_VERSION = 1;
				GENERATE_INFOPLIST_FILE = YES;
				IPHONEOS_DEPLOYMENT_TARGET = 17.0;
				MARKETING_VERSION = 1.0;
				PRODUCT_BUNDLE_IDENTIFIER = com.dontfretaboutitai.frettrainerez;
				"PRODUCT_BUNDLE_IDENTIFIER[sdk=iphoneos*]" = "com.dontfretaboutitai.frettrainerez--explicit--com.dontfretaboutitai.frettrainerez--explicit--";
				PRODUCT_NAME = "$(TARGET_NAME)";
				SWIFT_EMIT_LOC_STRINGS = NO;
				SWIFT_VERSION = 5.9;
				TARGET_BUILD_DIR = "$(BUILD_DIR)/$(CONFIGURATION)$(EFFECTIVE_PLATFORM_NAME)";
				TEST_HOST = "$(BUILT_PRODUCTS_DIR)/FretTrainerEZ.app/$(BUNDLE_EXECUTABLE_FOLDER_PATH)/FretTrainerEZ";
			};
			name = Debug;
		};
		AA000025000000000000FF10 /* Release */ = {
			isa = XCBuildConfiguration;
			buildSettings = {
				BUNDLE_LOADER = "$(TEST_HOST)";
				CODE_SIGN_STYLE = Automatic;
				CURRENT_PROJECT_VERSION = 1;
				GENERATE_INFOPLIST_FILE = YES;
				IPHONEOS_DEPLOYMENT_TARGET = 17.0;
				MARKETING_VERSION = 1.0;
				PRODUCT_BUNDLE_IDENTIFIER = com.dontfretaboutitai.frettrainerez;
				"PRODUCT_BUNDLE_IDENTIFIER[sdk=iphoneos*]" = "com.dontfretaboutitai.frettrainerez--explicit--com.dontfretaboutitai.frettrainerez--explicit--";
				PRODUCT_NAME = "$(TARGET_NAME)";
				SWIFT_EMIT_LOC_STRINGS = NO;
				SWIFT_VERSION = 5.9;
				TARGET_BUILD_DIR = "$(BUILD_DIR)/$(CONFIGURATION)$(EFFECTIVE_PLATFORM_NAME)";
				TEST_HOST = "$(BUILT_PRODUCTS_DIR)/FretTrainerEZ.app/$(BUNDLE_EXECUTABLE_FOLDER_PATH)/FretTrainerEZ";
			};
			name = Release;
		};
/* End XCBuildConfiguration section */

/* Begin XCConfigurationList section */
		AA000014000000000000FF10 /* Build configuration list for PBXNativeTarget "FretTrainerEZ" */ = {
			isa = XCConfigurationList;
			buildConfigurations = (
				AA000022000000000000FF10 /* Debug */,
				AA000023000000000000FF10 /* Release */,
			);
			defaultConfigurationIsVisible = 0;
			defaultConfigurationName = Release;
		};
		AA000019000000000000FF10 /* Build configuration list for PBXNativeTarget "FretTrainerEZTests" */ = {
			isa = XCConfigurationList;
			buildConfigurations = (
				AA000024000000000000FF10 /* Debug */,
				AA000025000000000000FF10 /* Release */,
			);
			defaultConfigurationIsVisible = 0;
			defaultConfigurationName = Release;
		};
		AA00001E000000000000FF10 /* Build configuration list for PBXProject "FretTrainerEZ" */ = {
			isa = XCConfigurationList;
			buildConfigurations = (
				AA000020000000000000FF10 /* Debug */,
				AA000021000000000000FF10 /* Release */,
			);
			defaultConfigurationIsVisible = 0;
			defaultConfigurationName = Release;
		};
/* End XCConfigurationList section */
	};
	rootObject = AA00001D000000000000FF10 /* Project object */;
}
